
Microsoft Visual Studio Solution File, Format Version 12.00
# Visual Studio 15
VisualStudioVersion = 15.0.27130.2010
MinimumVisualStudioVersion = 10.0.40219.1
Project("{FAE04EC0-301F-11D3-BF4B-00C04F79EFBC}") = "Microsoft.Xbox.Services.Tool", "Microsoft.Xbox.Service.Tool\Microsoft.Xbox.Services.Tool.csproj", "{2442B61C-1CD6-4556-BF98-56B73E4106DE}"
EndProject
Project("{2150E333-8FDC-42A3-9474-1A3956D46DE8}") = "Solution Items", "Solution Items", "{703BDA01-0475-42AB-BC4A-866CECF44652}"
EndProject
Project("{FAE04EC0-301F-11D3-BF4B-00C04F79EFBC}") = "Microsoft.Xbox.Services.Tool.Unittest", "tests\Microsoft.Xbox.Services.Tool.Unittest\Microsoft.Xbox.Services.Tool.Unittest.csproj", "{80FB58E0-D8FE-4F00-BF84-61370009AC94}"
EndProject
Project("{2150E333-8FDC-42A3-9474-1A3956D46DE8}") = "CommandLine", "CommandLine", "{82A7D026-105D-4E30-BFE4-765C9EF223A8}"
EndProject
Project("{FAE04EC0-301F-11D3-BF4B-00C04F79EFBC}") = "PlayerDataReset", "CommandLine\PlayerDataReset\PlayerDataReset.csproj", "{F9F58297-9823-4911-B148-27C5B22C3304}"
EndProject
Project("{FAE04EC0-301F-11D3-BF4B-00C04F79EFBC}") = "XblDevAccount", "CommandLine\XblDevAccount\XblDevAccount.csproj", "{A01FD43D-9812-4510-BA86-8C99AE0136BD}"
EndProject
Project("{FAE04EC0-301F-11D3-BF4B-00C04F79EFBC}") = "GlobalStorage", "CommandLine\GlobalStorage\GlobalStorage.csproj", "{E4C6687F-0074-42C7-A06C-1AEC98ADD148}"
EndProject
Global
	GlobalSection(SolutionConfigurationPlatforms) = preSolution
		Debug|Any CPU = Debug|Any CPU
		Release|Any CPU = Release|Any CPU
	EndGlobalSection
	GlobalSection(ProjectConfigurationPlatforms) = postSolution
		{2442B61C-1CD6-4556-BF98-56B73E4106DE}.Debug|Any CPU.ActiveCfg = Debug|Any CPU
		{2442B61C-1CD6-4556-BF98-56B73E4106DE}.Debug|Any CPU.Build.0 = Debug|Any CPU
		{2442B61C-1CD6-4556-BF98-56B73E4106DE}.Release|Any CPU.ActiveCfg = Release|Any CPU
		{2442B61C-1CD6-4556-BF98-56B73E4106DE}.Release|Any CPU.Build.0 = Release|Any CPU
		{80FB58E0-D8FE-4F00-BF84-61370009AC94}.Debug|Any CPU.ActiveCfg = Debug|Any CPU
		{80FB58E0-D8FE-4F00-BF84-61370009AC94}.Debug|Any CPU.Build.0 = Debug|Any CPU
		{80FB58E0-D8FE-4F00-BF84-61370009AC94}.Release|Any CPU.ActiveCfg = Release|Any CPU
		{80FB58E0-D8FE-4F00-BF84-61370009AC94}.Release|Any CPU.Build.0 = Release|Any CPU
		{F9F58297-9823-4911-B148-27C5B22C3304}.Debug|Any CPU.ActiveCfg = Debug|Any CPU
		{F9F58297-9823-4911-B148-27C5B22C3304}.Debug|Any CPU.Build.0 = Debug|Any CPU
		{F9F58297-9823-4911-B148-27C5B22C3304}.Release|Any CPU.ActiveCfg = Release|Any CPU
		{F9F58297-9823-4911-B148-27C5B22C3304}.Release|Any CPU.Build.0 = Release|Any CPU
		{A01FD43D-9812-4510-BA86-8C99AE0136BD}.Debug|Any CPU.ActiveCfg = Debug|Any CPU
		{A01FD43D-9812-4510-BA86-8C99AE0136BD}.Debug|Any CPU.Build.0 = Debug|Any CPU
		{A01FD43D-9812-4510-BA86-8C99AE0136BD}.Release|Any CPU.ActiveCfg = Release|Any CPU
		{A01FD43D-9812-4510-BA86-8C99AE0136BD}.Release|Any CPU.Build.0 = Release|Any CPU
		{E4C6687F-0074-42C7-A06C-1AEC98ADD148}.Debug|Any CPU.ActiveCfg = Debug|Any CPU
		{E4C6687F-0074-42C7-A06C-1AEC98ADD148}.Debug|Any CPU.Build.0 = Debug|Any CPU
		{E4C6687F-0074-42C7-A06C-1AEC98ADD148}.Release|Any CPU.ActiveCfg = Release|Any CPU
		{E4C6687F-0074-42C7-A06C-1AEC98ADD148}.Release|Any CPU.Build.0 = Release|Any CPU
	EndGlobalSection
	GlobalSection(SolutionProperties) = preSolution
		HideSolutionNode = FALSE
	EndGlobalSection
	GlobalSection(NestedProjects) = preSolution
		{F9F58297-9823-4911-B148-27C5B22C3304} = {82A7D026-105D-4E30-BFE4-765C9EF223A8}
		{A01FD43D-9812-4510-BA86-8C99AE0136BD} = {82A7D026-105D-4E30-BFE4-765C9EF223A8}
		{E4C6687F-0074-42C7-A06C-1AEC98ADD148} = {82A7D026-105D-4E30-BFE4-765C9EF223A8}
	EndGlobalSection
	GlobalSection(ExtensibilityGlobals) = postSolution
		SolutionGuid = {1FDA92CB-440E-43D6-9E46-AAE9E9B40F80}
	EndGlobalSection
EndGlobal
